
Microsoft Visual Studio Solution File, Format Version 12.00
Project("{FAE04EC0-301F-11D3-BF4B-00C04F79EFBC}") = "GadgetHub.Domain", "GadgetHub.Domain\GadgetHub.Domain.csproj", "{F2F228F3-76F7-4E6C-890D-1AFBBA07B5BB}"
EndProject
Project("{FAE04EC0-301F-11D3-BF4B-00C04F79EFBC}") = "GadgetHub.WebUI", "GadgetHub.WebUI\GadgetHub.WebUI.csproj", "{2D1CBD81-1940-429C-8BFF-EDCE47273027}"
EndProject
Global
	GlobalSection(SolutionConfigurationPlatforms) = preSolution
		Debug|Any CPU = Debug|Any CPU
		Release|Any CPU = Release|Any CPU
	EndGlobalSection
	GlobalSection(ProjectConfigurationPlatforms) = postSolution
		{F2F228F3-76F7-4E6C-890D-1AFBBA07B5BB}.Debug|Any CPU.ActiveCfg = Debug|Any CPU
		{F2F228F3-76F7-4E6C-890D-1AFBBA07B5BB}.Debug|Any CPU.Build.0 = Debug|Any CPU
		{F2F228F3-76F7-4E6C-890D-1AFBBA07B5BB}.Release|Any CPU.ActiveCfg = Release|Any CPU
		{F2F228F3-76F7-4E6C-890D-1AFBBA07B5BB}.Release|Any CPU.Build.0 = Release|Any CPU
		{2D1CBD81-1940-429C-8BFF-EDCE47273027}.Debug|Any CPU.ActiveCfg = Debug|Any CPU
		{2D1CBD81-1940-429C-8BFF-EDCE47273027}.Debug|Any CPU.Build.0 = Debug|Any CPU
		{2D1CBD81-1940-429C-8BFF-EDCE47273027}.Release|Any CPU.ActiveCfg = Release|Any CPU
		{2D1CBD81-1940-429C-8BFF-EDCE47273027}.Release|Any CPU.Build.0 = Release|Any CPU
	EndGlobalSection
EndGlobal
